
Microsoft Visual Studio Solution File, Format Version 12.00
# Visual Studio 14
VisualStudioVersion = 14.0.25123.0
MinimumVisualStudioVersion = 10.0.40219.1
Project("{3A50F3B2-874A-40E3-A121-D2F95BC8937C}") = "Sitecore.Support.162905.196696", "Sitecore.Support.162905.196696\Sitecore.Support.162905.196696.csproj", "{ED4BADB7-2A91-4BE2-8C65-A60BFDABDFE0}"
EndProject
Global
	GlobalSection(SolutionConfigurationPlatforms) = preSolution
		Debug|Any CPU = Debug|Any CPU
		Release|Any CPU = Release|Any CPU
	EndGlobalSection
	GlobalSection(ProjectConfigurationPlatforms) = postSolution
		{ED4BADB7-2A91-4BE2-8C65-A60BFDABDFE0}.Debug|Any CPU.ActiveCfg = Debug|Any CPU
		{ED4BADB7-2A91-4BE2-8C65-A60BFDABDFE0}.Debug|Any CPU.Build.0 = Debug|Any CPU
		{ED4BADB7-2A91-4BE2-8C65-A60BFDABDFE0}.Release|Any CPU.ActiveCfg = Release|Any CPU
		{ED4BADB7-2A91-4BE2-8C65-A60BFDABDFE0}.Release|Any CPU.Build.0 = Release|Any CPU
	EndGlobalSection
	GlobalSection(SolutionProperties) = preSolution
		HideSolutionNode = FALSE
	EndGlobalSection
EndGlobal
